
Microsoft Visual Studio Solution File, Format Version 12.00
# Visual Studio 15
VisualStudioVersion = 15.0.27703.2035
MinimumVisualStudioVersion = 10.0.40219.1
Project("{FAE04EC0-301F-11D3-BF4B-00C04F79EFBC}") = "AuthMongoDB.Angular6", "AuthMongoDB.Angular6\AuthMongoDB.Angular6.csproj", "{B28AB86E-7B9F-4D12-9C18-880B02CA3EF7}"
EndProject
Global
	GlobalSection(SolutionConfigurationPlatforms) = preSolution
		Debug|Any CPU = Debug|Any CPU
		Release|Any CPU = Release|Any CPU
	EndGlobalSection
	GlobalSection(ProjectConfigurationPlatforms) = postSolution
		{B28AB86E-7B9F-4D12-9C18-880B02CA3EF7}.Debug|Any CPU.ActiveCfg = Debug|Any CPU
		{B28AB86E-7B9F-4D12-9C18-880B02CA3EF7}.Debug|Any CPU.Build.0 = Debug|Any CPU
		{B28AB86E-7B9F-4D12-9C18-880B02CA3EF7}.Release|Any CPU.ActiveCfg = Release|Any CPU
		{B28AB86E-7B9F-4D12-9C18-880B02CA3EF7}.Release|Any CPU.Build.0 = Release|Any CPU
	EndGlobalSection
	GlobalSection(SolutionProperties) = preSolution
		HideSolutionNode = FALSE
	EndGlobalSection
	GlobalSection(ExtensibilityGlobals) = postSolution
		SolutionGuid = {2E5639DD-932E-4044-B18A-99F626C390E1}
	EndGlobalSection
	GlobalSection(TeamFoundationVersionControl) = preSolution
		SccNumberOfProjects = 2
		SccEnterpriseProvider = {4CA58AB2-18FA-4F8D-95D4-32DDF27D184C}
		SccTeamFoundationServer = https://v-hezhan.visualstudio.com/defaultcollection
		SccProjectUniqueName0 = AuthMongoDB.Angular6\\AuthMongoDB.Angular6.csproj
		SccProjectName0 = AuthMongoDB.Angular6
		SccLocalPath0 = AuthMongoDB.Angular6
		SccLocalPath1 = .
	EndGlobalSection
EndGlobal
